{
  "name": "OpenDeepWiki",
  "lockfileVersion": 3,
  "requires": true,
  "packages": {
    "": {
      "dependencies": {
        "mind-elixir": "^4.6.1"
      }
    },
    "node_modules/mind-elixir": {
      "version": "4.6.1",
      "resolved": "https://registry.npmjs.org/mind-elixir/-/mind-elixir-4.6.1.tgz",
      "integrity": "sha512-hrQj5+tJPjYdF7gbVyP/wFEaG6M/hW3S/94WWG68lpD1c630IKuPfnsByjpgE84UotEQfm5U85pA8tdXJTggSA==",
      "license": "MIT"
    }
  }
}
